
Microsoft Visual Studio Solution File, Format Version 12.00
# Visual Studio 2012
Project("{FAE04EC0-301F-11D3-BF4B-00C04F79EFBC}") = "ToDoItems.iOS", "iOS\ToDoItems.iOS.csproj", "{2EC080B3-2F15-447C-B040-7CB36C93062D}"
EndProject
Project("{FAE04EC0-301F-11D3-BF4B-00C04F79EFBC}") = "ToDoItems.Core", "ToDoItems.Core\ToDoItems.Core.csproj", "{9EBB9BAF-CD23-47EB-9CD0-035D14B124DD}"
EndProject
Project("{FAE04EC0-301F-11D3-BF4B-00C04F79EFBC}") = "ToDoItems.Android", "ToDoItems.Android\ToDoItems.Android.csproj", "{C24DB086-D013-4AAF-A4FA-B46C2EEA07D2}"
EndProject
Global
	GlobalSection(SolutionConfigurationPlatforms) = preSolution
		Debug|Any CPU = Debug|Any CPU
		Release|Any CPU = Release|Any CPU
		Debug|iPhoneSimulator = Debug|iPhoneSimulator
		Release|iPhone = Release|iPhone
		Release|iPhoneSimulator = Release|iPhoneSimulator
		Debug|iPhone = Debug|iPhone
	EndGlobalSection
	GlobalSection(ProjectConfigurationPlatforms) = postSolution
		{2EC080B3-2F15-447C-B040-7CB36C93062D}.Debug|Any CPU.ActiveCfg = Debug|iPhoneSimulator
		{2EC080B3-2F15-447C-B040-7CB36C93062D}.Debug|Any CPU.Build.0 = Debug|iPhoneSimulator
		{2EC080B3-2F15-447C-B040-7CB36C93062D}.Release|Any CPU.ActiveCfg = Release|iPhone
		{2EC080B3-2F15-447C-B040-7CB36C93062D}.Release|Any CPU.Build.0 = Release|iPhone
		{2EC080B3-2F15-447C-B040-7CB36C93062D}.Debug|iPhoneSimulator.ActiveCfg = Debug|iPhoneSimulator
		{2EC080B3-2F15-447C-B040-7CB36C93062D}.Debug|iPhoneSimulator.Build.0 = Debug|iPhoneSimulator
		{2EC080B3-2F15-447C-B040-7CB36C93062D}.Release|iPhone.ActiveCfg = Release|iPhone
		{2EC080B3-2F15-447C-B040-7CB36C93062D}.Release|iPhone.Build.0 = Release|iPhone
		{2EC080B3-2F15-447C-B040-7CB36C93062D}.Release|iPhoneSimulator.ActiveCfg = Release|iPhoneSimulator
		{2EC080B3-2F15-447C-B040-7CB36C93062D}.Release|iPhoneSimulator.Build.0 = Release|iPhoneSimulator
		{2EC080B3-2F15-447C-B040-7CB36C93062D}.Debug|iPhone.ActiveCfg = Debug|iPhone
		{2EC080B3-2F15-447C-B040-7CB36C93062D}.Debug|iPhone.Build.0 = Debug|iPhone
		{9EBB9BAF-CD23-47EB-9CD0-035D14B124DD}.Debug|Any CPU.ActiveCfg = Debug|Any CPU
		{9EBB9BAF-CD23-47EB-9CD0-035D14B124DD}.Debug|Any CPU.Build.0 = Debug|Any CPU
		{9EBB9BAF-CD23-47EB-9CD0-035D14B124DD}.Release|Any CPU.ActiveCfg = Release|Any CPU
		{9EBB9BAF-CD23-47EB-9CD0-035D14B124DD}.Release|Any CPU.Build.0 = Release|Any CPU
		{9EBB9BAF-CD23-47EB-9CD0-035D14B124DD}.Debug|iPhoneSimulator.ActiveCfg = Debug|Any CPU
		{9EBB9BAF-CD23-47EB-9CD0-035D14B124DD}.Debug|iPhoneSimulator.Build.0 = Debug|Any CPU
		{9EBB9BAF-CD23-47EB-9CD0-035D14B124DD}.Release|iPhone.ActiveCfg = Release|Any CPU
		{9EBB9BAF-CD23-47EB-9CD0-035D14B124DD}.Release|iPhone.Build.0 = Release|Any CPU
		{9EBB9BAF-CD23-47EB-9CD0-035D14B124DD}.Release|iPhoneSimulator.ActiveCfg = Release|Any CPU
		{9EBB9BAF-CD23-47EB-9CD0-035D14B124DD}.Release|iPhoneSimulator.Build.0 = Release|Any CPU
		{9EBB9BAF-CD23-47EB-9CD0-035D14B124DD}.Debug|iPhone.ActiveCfg = Debug|Any CPU
		{9EBB9BAF-CD23-47EB-9CD0-035D14B124DD}.Debug|iPhone.Build.0 = Debug|Any CPU
		{C24DB086-D013-4AAF-A4FA-B46C2EEA07D2}.Debug|Any CPU.ActiveCfg = Debug|Any CPU
		{C24DB086-D013-4AAF-A4FA-B46C2EEA07D2}.Debug|Any CPU.Build.0 = Debug|Any CPU
		{C24DB086-D013-4AAF-A4FA-B46C2EEA07D2}.Release|Any CPU.ActiveCfg = Release|Any CPU
		{C24DB086-D013-4AAF-A4FA-B46C2EEA07D2}.Release|Any CPU.Build.0 = Release|Any CPU
		{C24DB086-D013-4AAF-A4FA-B46C2EEA07D2}.Debug|iPhoneSimulator.ActiveCfg = Debug|Any CPU
		{C24DB086-D013-4AAF-A4FA-B46C2EEA07D2}.Debug|iPhoneSimulator.Build.0 = Debug|Any CPU
		{C24DB086-D013-4AAF-A4FA-B46C2EEA07D2}.Release|iPhone.ActiveCfg = Release|Any CPU
		{C24DB086-D013-4AAF-A4FA-B46C2EEA07D2}.Release|iPhone.Build.0 = Release|Any CPU
		{C24DB086-D013-4AAF-A4FA-B46C2EEA07D2}.Release|iPhoneSimulator.ActiveCfg = Release|Any CPU
		{C24DB086-D013-4AAF-A4FA-B46C2EEA07D2}.Release|iPhoneSimulator.Build.0 = Release|Any CPU
		{C24DB086-D013-4AAF-A4FA-B46C2EEA07D2}.Debug|iPhone.ActiveCfg = Debug|Any CPU
		{C24DB086-D013-4AAF-A4FA-B46C2EEA07D2}.Debug|iPhone.Build.0 = Debug|Any CPU
	EndGlobalSection
EndGlobal
