
Microsoft Visual Studio Solution File, Format Version 12.00
# Visual Studio 15
VisualStudioVersion = 15.0.26730.15
MinimumVisualStudioVersion = 10.0.40219.1
Project("{FAE04EC0-301F-11D3-BF4B-00C04F79EFBC}") = "AVLS", "AVLS\AVLS.csproj", "{07198408-ECA4-497F-9257-E34591ED660F}"
EndProject
Global
	GlobalSection(SolutionConfigurationPlatforms) = preSolution
		Debug|Any CPU = Debug|Any CPU
		Release|Any CPU = Release|Any CPU
	EndGlobalSection
	GlobalSection(ProjectConfigurationPlatforms) = postSolution
		{07198408-ECA4-497F-9257-E34591ED660F}.Debug|Any CPU.ActiveCfg = Debug|Any CPU
		{07198408-ECA4-497F-9257-E34591ED660F}.Debug|Any CPU.Build.0 = Debug|Any CPU
		{07198408-ECA4-497F-9257-E34591ED660F}.Release|Any CPU.ActiveCfg = Release|Any CPU
		{07198408-ECA4-497F-9257-E34591ED660F}.Release|Any CPU.Build.0 = Release|Any CPU
	EndGlobalSection
	GlobalSection(SolutionProperties) = preSolution
		HideSolutionNode = FALSE
	EndGlobalSection
	GlobalSection(ExtensibilityGlobals) = postSolution
		SolutionGuid = {E0D9E9F8-B58A-4CDB-A874-1E8320A20D17}
	EndGlobalSection
EndGlobal
