{
  "requires": true,
  "lockfileVersion": 1,
  "dependencies": {
    "@types/bingmaps": {
      "version": "0.0.0",
      "resolved": "https://registry.npmjs.org/@types/bingmaps/-/bingmaps-0.0.0.tgz",
      "integrity": "sha512-AxCoDtijCDhZiPdy7WyZG0iMbRhIrxphsX7ma5CAkrggkghK6TGHfCz6NgYN3DETd0x8Y5VIP3FbMa81YguJBA=="
    }
  }
}
