
Microsoft Visual Studio Solution File, Format Version 12.00
# Visual Studio 2013
VisualStudioVersion = 12.0.31101.0
MinimumVisualStudioVersion = 10.0.40219.1
Project("{FAE04EC0-301F-11D3-BF4B-00C04F79EFBC}") = "searchabletodo", "searchabletodo\searchabletodo.csproj", "{B00139CE-3AF2-4F1F-9E92-15579CF8D1F2}"
EndProject
Project("{2150E333-8FDC-42A3-9474-1A3956D46DE8}") = "PublishScripts", "PublishScripts", "{D17B2AFE-9EEA-439C-8403-17C5DF6E5248}"
	ProjectSection(SolutionItems) = preProject
		PublishScripts\AzureWebsitePublishModule.psm1 = PublishScripts\AzureWebsitePublishModule.psm1
		PublishScripts\Publish-WebApplicationWebsite.ps1 = PublishScripts\Publish-WebApplicationWebsite.ps1
	EndProjectSection
EndProject
Project("{2150E333-8FDC-42A3-9474-1A3956D46DE8}") = "Configurations", "Configurations", "{3B7B9DDF-DE8A-4461-BFCA-131C805AA9EA}"
	ProjectSection(SolutionItems) = preProject
		PublishScripts\Configurations\searchabletodo-WAWS-dev.json = PublishScripts\Configurations\searchabletodo-WAWS-dev.json
	EndProjectSection
EndProject
Global
	GlobalSection(SolutionConfigurationPlatforms) = preSolution
		Debug|Any CPU = Debug|Any CPU
		Release|Any CPU = Release|Any CPU
	EndGlobalSection
	GlobalSection(ProjectConfigurationPlatforms) = postSolution
		{B00139CE-3AF2-4F1F-9E92-15579CF8D1F2}.Debug|Any CPU.ActiveCfg = Debug|Any CPU
		{B00139CE-3AF2-4F1F-9E92-15579CF8D1F2}.Debug|Any CPU.Build.0 = Debug|Any CPU
		{B00139CE-3AF2-4F1F-9E92-15579CF8D1F2}.Release|Any CPU.ActiveCfg = Release|Any CPU
		{B00139CE-3AF2-4F1F-9E92-15579CF8D1F2}.Release|Any CPU.Build.0 = Release|Any CPU
	EndGlobalSection
	GlobalSection(SolutionProperties) = preSolution
		HideSolutionNode = FALSE
	EndGlobalSection
	GlobalSection(NestedProjects) = preSolution
		{3B7B9DDF-DE8A-4461-BFCA-131C805AA9EA} = {D17B2AFE-9EEA-439C-8403-17C5DF6E5248}
	EndGlobalSection
EndGlobal
