
Microsoft Visual Studio Solution File, Format Version 12.00
# Visual Studio 15
VisualStudioVersion = 15.0.26730.16
MinimumVisualStudioVersion = 10.0.40219.1
Project("{FAE04EC0-301F-11D3-BF4B-00C04F79EFBC}") = "DocumentDB.ChangeFeedProcessor", "DocumentDB.ChangeFeedProcessor\DocumentDB.ChangeFeedProcessor.csproj", "{43B55C4C-377C-49EF-9165-337542F4319E}"
EndProject
Project("{FAE04EC0-301F-11D3-BF4B-00C04F79EFBC}") = "DocumentDB.ChangeFeedProcessor.Test", "DocumentDB.ChangeFeedProcessor.Test\DocumentDB.ChangeFeedProcessor.Test.csproj", "{6405454F-772A-4F34-A9B9-0F8B3950D599}"
EndProject
Global
	GlobalSection(SolutionConfigurationPlatforms) = preSolution
		Debug|Any CPU = Debug|Any CPU
		Debug|x64 = Debug|x64
		Release|Any CPU = Release|Any CPU
		Release|x64 = Release|x64
	EndGlobalSection
	GlobalSection(ProjectConfigurationPlatforms) = postSolution
		{43B55C4C-377C-49EF-9165-337542F4319E}.Debug|Any CPU.ActiveCfg = Debug|Any CPU
		{43B55C4C-377C-49EF-9165-337542F4319E}.Debug|Any CPU.Build.0 = Debug|Any CPU
		{43B55C4C-377C-49EF-9165-337542F4319E}.Debug|x64.ActiveCfg = Debug|Any CPU
		{43B55C4C-377C-49EF-9165-337542F4319E}.Debug|x64.Build.0 = Debug|Any CPU
		{43B55C4C-377C-49EF-9165-337542F4319E}.Release|Any CPU.ActiveCfg = Release|Any CPU
		{43B55C4C-377C-49EF-9165-337542F4319E}.Release|Any CPU.Build.0 = Release|Any CPU
		{43B55C4C-377C-49EF-9165-337542F4319E}.Release|x64.ActiveCfg = Release|Any CPU
		{43B55C4C-377C-49EF-9165-337542F4319E}.Release|x64.Build.0 = Release|Any CPU
		{6405454F-772A-4F34-A9B9-0F8B3950D599}.Debug|Any CPU.ActiveCfg = Debug|Any CPU
		{6405454F-772A-4F34-A9B9-0F8B3950D599}.Debug|Any CPU.Build.0 = Debug|Any CPU
		{6405454F-772A-4F34-A9B9-0F8B3950D599}.Debug|x64.ActiveCfg = Debug|x64
		{6405454F-772A-4F34-A9B9-0F8B3950D599}.Debug|x64.Build.0 = Debug|x64
		{6405454F-772A-4F34-A9B9-0F8B3950D599}.Release|Any CPU.ActiveCfg = Release|Any CPU
		{6405454F-772A-4F34-A9B9-0F8B3950D599}.Release|Any CPU.Build.0 = Release|Any CPU
		{6405454F-772A-4F34-A9B9-0F8B3950D599}.Release|x64.ActiveCfg = Release|x64
		{6405454F-772A-4F34-A9B9-0F8B3950D599}.Release|x64.Build.0 = Release|x64
	EndGlobalSection
	GlobalSection(SolutionProperties) = preSolution
		HideSolutionNode = FALSE
	EndGlobalSection
	GlobalSection(ExtensibilityGlobals) = postSolution
		SolutionGuid = {ADF67777-68A9-4005-80F4-08BA6A570BC8}
	EndGlobalSection
EndGlobal
