
Microsoft Visual Studio Solution File, Format Version 12.00
# Visual Studio 2012
Project("{D954291E-2A0B-460D-934E-DC6B0785DB48}") = "DocumentDBTodo", "DocumentDBTodo.shproj", "{F819C8CD-1BA5-400A-B978-906238562E7E}"
EndProject
Project("{FAE04EC0-301F-11D3-BF4B-00C04F79EFBC}") = "DocumentDBTodo.iOS", "iOS\DocumentDBTodo.iOS.csproj", "{F2CC1A86-0045-49E2-852F-71025C94731F}"
EndProject
Project("{FAE04EC0-301F-11D3-BF4B-00C04F79EFBC}") = "DocumentDBTodo.Droid", "Droid\DocumentDBTodo.Droid.csproj", "{86E5BC60-1CA5-4EEB-94BF-6414F840DB58}"
EndProject
Global
	GlobalSection(SolutionConfigurationPlatforms) = preSolution
		Debug|iPhoneSimulator = Debug|iPhoneSimulator
		Release|iPhone = Release|iPhone
		Release|iPhoneSimulator = Release|iPhoneSimulator
		Debug|iPhone = Debug|iPhone
		Debug|Any CPU = Debug|Any CPU
		Release|Any CPU = Release|Any CPU
	EndGlobalSection
	GlobalSection(ProjectConfigurationPlatforms) = postSolution
		{F2CC1A86-0045-49E2-852F-71025C94731F}.Debug|iPhoneSimulator.ActiveCfg = Debug|iPhoneSimulator
		{F2CC1A86-0045-49E2-852F-71025C94731F}.Debug|iPhoneSimulator.Build.0 = Debug|iPhoneSimulator
		{F2CC1A86-0045-49E2-852F-71025C94731F}.Release|iPhone.ActiveCfg = Release|iPhone
		{F2CC1A86-0045-49E2-852F-71025C94731F}.Release|iPhone.Build.0 = Release|iPhone
		{F2CC1A86-0045-49E2-852F-71025C94731F}.Release|iPhoneSimulator.ActiveCfg = Release|iPhoneSimulator
		{F2CC1A86-0045-49E2-852F-71025C94731F}.Release|iPhoneSimulator.Build.0 = Release|iPhoneSimulator
		{F2CC1A86-0045-49E2-852F-71025C94731F}.Debug|iPhone.ActiveCfg = Debug|iPhone
		{F2CC1A86-0045-49E2-852F-71025C94731F}.Debug|iPhone.Build.0 = Debug|iPhone
		{F2CC1A86-0045-49E2-852F-71025C94731F}.Debug|Any CPU.ActiveCfg = Debug|iPhoneSimulator
		{F2CC1A86-0045-49E2-852F-71025C94731F}.Debug|Any CPU.Build.0 = Debug|iPhoneSimulator
		{F2CC1A86-0045-49E2-852F-71025C94731F}.Release|Any CPU.ActiveCfg = Release|iPhone
		{F2CC1A86-0045-49E2-852F-71025C94731F}.Release|Any CPU.Build.0 = Release|iPhone
		{86E5BC60-1CA5-4EEB-94BF-6414F840DB58}.Debug|iPhoneSimulator.ActiveCfg = Debug|Any CPU
		{86E5BC60-1CA5-4EEB-94BF-6414F840DB58}.Debug|iPhoneSimulator.Build.0 = Debug|Any CPU
		{86E5BC60-1CA5-4EEB-94BF-6414F840DB58}.Release|iPhone.ActiveCfg = Release|Any CPU
		{86E5BC60-1CA5-4EEB-94BF-6414F840DB58}.Release|iPhone.Build.0 = Release|Any CPU
		{86E5BC60-1CA5-4EEB-94BF-6414F840DB58}.Release|iPhoneSimulator.ActiveCfg = Release|Any CPU
		{86E5BC60-1CA5-4EEB-94BF-6414F840DB58}.Release|iPhoneSimulator.Build.0 = Release|Any CPU
		{86E5BC60-1CA5-4EEB-94BF-6414F840DB58}.Debug|iPhone.ActiveCfg = Debug|Any CPU
		{86E5BC60-1CA5-4EEB-94BF-6414F840DB58}.Debug|iPhone.Build.0 = Debug|Any CPU
		{86E5BC60-1CA5-4EEB-94BF-6414F840DB58}.Debug|Any CPU.ActiveCfg = Debug|Any CPU
		{86E5BC60-1CA5-4EEB-94BF-6414F840DB58}.Debug|Any CPU.Build.0 = Debug|Any CPU
		{86E5BC60-1CA5-4EEB-94BF-6414F840DB58}.Release|Any CPU.ActiveCfg = Release|Any CPU
		{86E5BC60-1CA5-4EEB-94BF-6414F840DB58}.Release|Any CPU.Build.0 = Release|Any CPU
	EndGlobalSection
EndGlobal
