
Microsoft Visual Studio Solution File, Format Version 12.00
# Visual Studio 2013
VisualStudioVersion = 12.0.31101.0
MinimumVisualStudioVersion = 10.0.40219.1
Project("{FAE04EC0-301F-11D3-BF4B-00C04F79EFBC}") = "DocumentMediaSample", "DocumentMediaSample.csproj", "{A33366B0-1140-4FDD-A508-62BD09CBB6CB}"
EndProject
Global
	GlobalSection(SolutionConfigurationPlatforms) = preSolution
		Debug|Any CPU = Debug|Any CPU
		Release|Any CPU = Release|Any CPU
	EndGlobalSection
	GlobalSection(ProjectConfigurationPlatforms) = postSolution
		{A33366B0-1140-4FDD-A508-62BD09CBB6CB}.Debug|Any CPU.ActiveCfg = Debug|Any CPU
		{A33366B0-1140-4FDD-A508-62BD09CBB6CB}.Debug|Any CPU.Build.0 = Debug|Any CPU
		{A33366B0-1140-4FDD-A508-62BD09CBB6CB}.Release|Any CPU.ActiveCfg = Release|Any CPU
		{A33366B0-1140-4FDD-A508-62BD09CBB6CB}.Release|Any CPU.Build.0 = Release|Any CPU
	EndGlobalSection
	GlobalSection(SolutionProperties) = preSolution
		HideSolutionNode = FALSE
	EndGlobalSection
EndGlobal
