
Microsoft Visual Studio Solution File, Format Version 12.00
# Visual Studio 2013
VisualStudioVersion = 12.0.30723.0
MinimumVisualStudioVersion = 10.0.40219.1
Project("{FAE04EC0-301F-11D3-BF4B-00C04F79EFBC}") = "Documents.MobileServices", "src\Documents.MobileServices\Documents.MobileServices.csproj", "{0E6444B0-6AD1-46A6-B49F-808F39D4AEE9}"
EndProject
Project("{FAE04EC0-301F-11D3-BF4B-00C04F79EFBC}") = "Documents.MobileServices.Todolist", "sample\Documents.MobileServices.Todolist\Documents.MobileServices.Todolist\Documents.MobileServices.Todolist.csproj", "{EBF0C670-5E4C-405E-876B-F34848745146}"
EndProject
Global
	GlobalSection(SolutionConfigurationPlatforms) = preSolution
		Debug|Any CPU = Debug|Any CPU
		Release|Any CPU = Release|Any CPU
	EndGlobalSection
	GlobalSection(ProjectConfigurationPlatforms) = postSolution
		{0E6444B0-6AD1-46A6-B49F-808F39D4AEE9}.Debug|Any CPU.ActiveCfg = Debug|Any CPU
		{0E6444B0-6AD1-46A6-B49F-808F39D4AEE9}.Debug|Any CPU.Build.0 = Debug|Any CPU
		{0E6444B0-6AD1-46A6-B49F-808F39D4AEE9}.Release|Any CPU.ActiveCfg = Release|Any CPU
		{0E6444B0-6AD1-46A6-B49F-808F39D4AEE9}.Release|Any CPU.Build.0 = Release|Any CPU
		{EBF0C670-5E4C-405E-876B-F34848745146}.Debug|Any CPU.ActiveCfg = Debug|Any CPU
		{EBF0C670-5E4C-405E-876B-F34848745146}.Debug|Any CPU.Build.0 = Debug|Any CPU
		{EBF0C670-5E4C-405E-876B-F34848745146}.Release|Any CPU.ActiveCfg = Release|Any CPU
		{EBF0C670-5E4C-405E-876B-F34848745146}.Release|Any CPU.Build.0 = Release|Any CPU
	EndGlobalSection
	GlobalSection(SolutionProperties) = preSolution
		HideSolutionNode = FALSE
	EndGlobalSection
EndGlobal
