
Microsoft Visual Studio Solution File, Format Version 12.00
# Visual Studio 15
VisualStudioVersion = 15.0.27428.2037
MinimumVisualStudioVersion = 10.0.40219.1
Project("{FAE04EC0-301F-11D3-BF4B-00C04F79EFBC}") = "MonitorTraffic", "MonitorTraffic\MonitorTraffic.csproj", "{35637EBF-D153-4779-9814-0A971632B775}"
EndProject
Global
	GlobalSection(SolutionConfigurationPlatforms) = preSolution
		Debug|Any CPU = Debug|Any CPU
		Release|Any CPU = Release|Any CPU
	EndGlobalSection
	GlobalSection(ProjectConfigurationPlatforms) = postSolution
		{35637EBF-D153-4779-9814-0A971632B775}.Debug|Any CPU.ActiveCfg = Debug|Any CPU
		{35637EBF-D153-4779-9814-0A971632B775}.Debug|Any CPU.Build.0 = Debug|Any CPU
		{35637EBF-D153-4779-9814-0A971632B775}.Release|Any CPU.ActiveCfg = Release|Any CPU
		{35637EBF-D153-4779-9814-0A971632B775}.Release|Any CPU.Build.0 = Release|Any CPU
	EndGlobalSection
	GlobalSection(SolutionProperties) = preSolution
		HideSolutionNode = FALSE
	EndGlobalSection
	GlobalSection(ExtensibilityGlobals) = postSolution
		SolutionGuid = {82B08A33-950C-4893-8D4D-449390147E2F}
	EndGlobalSection
EndGlobal
