
Microsoft Visual Studio Solution File, Format Version 12.00
# Visual Studio 15
VisualStudioVersion = 15.0.27428.2037
MinimumVisualStudioVersion = 10.0.40219.1
Project("{FAE04EC0-301F-11D3-BF4B-00C04F79EFBC}") = "MongoDBthroughtput", "MongoDBthroughtput\MongoDBthroughtput.csproj", "{80575C07-D8CA-457D-A068-BAE192EE7BC2}"
EndProject
Global
	GlobalSection(SolutionConfigurationPlatforms) = preSolution
		Debug|Any CPU = Debug|Any CPU
		Release|Any CPU = Release|Any CPU
	EndGlobalSection
	GlobalSection(ProjectConfigurationPlatforms) = postSolution
		{80575C07-D8CA-457D-A068-BAE192EE7BC2}.Debug|Any CPU.ActiveCfg = Debug|Any CPU
		{80575C07-D8CA-457D-A068-BAE192EE7BC2}.Debug|Any CPU.Build.0 = Debug|Any CPU
		{80575C07-D8CA-457D-A068-BAE192EE7BC2}.Release|Any CPU.ActiveCfg = Release|Any CPU
		{80575C07-D8CA-457D-A068-BAE192EE7BC2}.Release|Any CPU.Build.0 = Release|Any CPU
	EndGlobalSection
	GlobalSection(SolutionProperties) = preSolution
		HideSolutionNode = FALSE
	EndGlobalSection
	GlobalSection(ExtensibilityGlobals) = postSolution
		SolutionGuid = {6F091CE4-81EE-48E4-96BA-CC300A2FA4A8}
	EndGlobalSection
EndGlobal
